// !$*UTF8*$!
{
	archiveVersion = 1;
	classes = {
	};
	objectVersion = 46;
	objects = {

/* Begin PBXBuildFile section */
		273D55D91CC1FE520080496A /* AppDelegate.swift in Sources */ = {isa = PBXBuildFile; fileRef = 273D55D81CC1FE520080496A /* AppDelegate.swift */; };
		273D55DB1CC1FE520080496A /* ViewController.swift in Sources */ = {isa = PBXBuildFile; fileRef = 273D55DA1CC1FE520080496A /* ViewController.swift */; };
		273D55DE1CC1FE520080496A /* Main.storyboard in Resources */ = {isa = PBXBuildFile; fileRef = 273D55DC1CC1FE520080496A /* Main.storyboard */; };
		273D55E01CC1FE520080496A /* Assets.xcassets in Resources */ = {isa = PBXBuildFile; fileRef = 273D55DF1CC1FE520080496A /* Assets.xcassets */; };
		273D55E31CC1FE520080496A /* LaunchScreen.storyboard in Resources */ = {isa = PBXBuildFile; fileRef = 273D55E11CC1FE520080496A /* LaunchScreen.storyboard */; };
		27CDCB211CC76A630087A26A /* LongNumOperation.swift in Sources */ = {isa = PBXBuildFile; fileRef = 27CDCB201CC76A630087A26A /* LongNumOperation.swift */; };
/* End PBXBuildFile section */

/* Begin PBXFileReference section */
		273D55D51CC1FE520080496A /* calcular.app */ = {isa = PBXFileReference; explicitFileType = wrapper.application; includeInIndex = 0; path = calcular.app; sourceTree = BUILT_PRODUCTS_DIR; };
		273D55D81CC1FE520080496A /* AppDelegate.swift */ = {isa = PBXFileReference; lastKnownFileType = sourcecode.swift; path = AppDelegate.swift; sourceTree = "<group>"; };
		273D55DA1CC1FE520080496A /* ViewController.swift */ = {isa = PBXFileReference; lastKnownFileType = sourcecode.swift; path = ViewController.swift; sourceTree = "<group>"; };
		273D55DD1CC1FE520080496A /* Base */ = {isa = PBXFileReference; lastKnownFileType = file.storyboard; name = Base; path = Base.lproj/Main.storyboard; sourceTree = "<group>"; };
		273D55DF1CC1FE520080496A /* Assets.xcassets */ = {isa = PBXFileReference; lastKnownFileType = folder.assetcatalog; path = Assets.xcassets; sourceTree = "<group>"; };
		273D55E21CC1FE520080496A /* Base */ = {isa = PBXFileReference; lastKnownFileType = file.storyboard; name = Base; path = Base.lproj/LaunchScreen.storyboard; sourceTree = "<group>"; };
		273D55E41CC1FE520080496A /* Info.plist */ = {isa = PBXFileReference; lastKnownFileType = text.plist.xml; path = Info.plist; sourceTree = "<group>"; };
		27CDCB201CC76A630087A26A /* LongNumOperation.swift */ = {isa = PBXFileReference; fileEncoding = 4; lastKnownFileType = sourcecode.swift; path = LongNumOperation.swift; sourceTree = "<group>"; };
/* End PBXFileReference section */

/* Begin PBXFrameworksBuildPhase section */
		273D55D21CC1FE520080496A /* Frameworks */ = {
			isa = PBXFrameworksBuildPhase;
			buildActionMask = 2147483647;
			files = (
			);
			runOnlyForDeploymentPostprocessing = 0;
		};
/* End PBXFrameworksBuildPhase section */

/* Begin PBXGroup section */
		273D55CC1CC1FE520080496A = {
			isa = PBXGroup;
			children = (
				273D55D71CC1FE520080496A /* calcular */,
				273D55D61CC1FE520080496A /* Products */,
			);
			sourceTree = "<group>";
		};
		273D55D61CC1FE520080496A /* Products */ = {
			isa = PBXGroup;
			children = (
				273D55D51CC1FE520080496A /* calcular.app */,
			);
			name = Products;
			sourceTree = "<group>";
		};
		273D55D71CC1FE520080496A /* calcular */ = {
			isa = PBXGroup;
			children = (
				273D55D81CC1FE520080496A /* AppDelegate.swift */,
				273D55DA1CC1FE520080496A /* ViewController.swift */,
				273D55DC1CC1FE520080496A /* Main.storyboard */,
				273D55DF1CC1FE520080496A /* Assets.xcassets */,
				273D55E11CC1FE520080496A /* LaunchScreen.storyboard */,
				273D55E41CC1FE520080496A /* Info.plist */,
				27CDCB201CC76A630087A26A /* LongNumOperation.swift */,
			);
			path = calcular;
			sourceTree = "<group>";
		};
/* End PBXGroup section */

/* Begin PBXNativeTarget section */
		273D55D41CC1FE520080496A /* calcular */ = {
			isa = PBXNativeTarget;
			buildConfigurationList = 273D55E71CC1FE520080496A /* Build configuration list for PBXNativeTarget "calcular" */;
			buildPhases = (
				273D55D11CC1FE520080496A /* Sources */,
				273D55D21CC1FE520080496A /* Frameworks */,
				273D55D31CC1FE520080496A /* Resources */,
			);
			buildRules = (
			);
			dependencies = (
			);
			name = calcular;
			productName = calcular;
			productReference = 273D55D51CC1FE520080496A /* calcular.app */;
			productType = "com.apple.product-type.application";
		};
/* End PBXNativeTarget section */

/* Begin PBXProject section */
		273D55CD1CC1FE520080496A /* Project object */ = {
			isa = PBXProject;
			attributes = {
				LastSwiftUpdateCheck = 0730;
				LastUpgradeCheck = 0730;
				ORGANIZATIONNAME = "谭钧豪";
				TargetAttributes = {
					273D55D41CC1FE520080496A = {
						CreatedOnToolsVersion = 7.3;
						DevelopmentTeam = FKTZA6RCXM;
					};
				};
			};
			buildConfigurationList = 273D55D01CC1FE520080496A /* Build configuration list for PBXProject "calcular" */;
			compatibilityVersion = "Xcode 3.2";
			developmentRegion = English;
			hasScannedForEncodings = 0;
			knownRegions = (
				en,
				Base,
			);
			mainGroup = 273D55CC1CC1FE520080496A;
			productRefGroup = 273D55D61CC1FE520080496A /* Products */;
			projectDirPath = "";
			projectRoot = "";
			targets = (
				273D55D41CC1FE520080496A /* calcular */,
			);
		};
/* End PBXProject section */

/* Begin PBXResourcesBuildPhase section */
		273D55D31CC1FE520080496A /* Resources */ = {
			isa = PBXResourcesBuildPhase;
			buildActionMask = 2147483647;
			files = (
				273D55E31CC1FE520080496A /* LaunchScreen.storyboard in Resources */,
				273D55E01CC1FE520080496A /* Assets.xcassets in Resources */,
				273D55DE1CC1FE520080496A /* Main.storyboard in Resources */,
			);
			runOnlyForDeploymentPostprocessing = 0;
		};
/* End PBXResourcesBuildPhase section */

/* Begin PBXSourcesBuildPhase section */
		273D55D11CC1FE520080496A /* Sources */ = {
			isa = PBXSourcesBuildPhase;
			buildActionMask = 2147483647;
			files = (
				273D55DB1CC1FE520080496A /* ViewController.swift in Sources */,
				273D55D91CC1FE520080496A /* AppDelegate.swift in Sources */,
				27CDCB211CC76A630087A26A /* LongNumOperation.swift in Sources */,
			);
			runOnlyForDeploymentPostprocessing = 0;
		};
/* End PBXSourcesBuildPhase section */

/* Begin PBXVariantGroup section */
		273D55DC1CC1FE520080496A /* Main.storyboard */ = {
			isa = PBXVariantGroup;
			children = (
				273D55DD1CC1FE520080496A /* Base */,
			);
			name = Main.storyboard;
			sourceTree = "<group>";
		};
		273D55E11CC1FE520080496A /* LaunchScreen.storyboard */ = {
			isa = PBXVariantGroup;
			children = (
				273D55E21CC1FE520080496A /* Base */,
			);
			name = LaunchScreen.storyboard;
			sourceTree = "<group>";
		};
/* End PBXVariantGroup section */

/* Begin XCBuildConfiguration section */
		273D55E51CC1FE520080496A /* Debug */ = {
			isa = XCBuildConfiguration;
			buildSettings = {
				ALWAYS_SEARCH_USER_PATHS = NO;
				CLANG_ANALYZER_NONNULL = YES;
				CLANG_CXX_LANGUAGE_STANDARD = "gnu++0x";
				CLANG_CXX_LIBRARY = "libc++";
				CLANG_ENABLE_MODULES = YES;
				CLANG_ENABLE_OBJC_ARC = YES;
				CLANG_WARN_BOOL_CONVERSION = YES;
				CLANG_WARN_CONSTANT_CONVERSION = YES;
				CLANG_WARN_DIRECT_OBJC_ISA_USAGE = YES_ERROR;
				CLANG_WARN_EMPTY_BODY = YES;
				CLANG_WARN_ENUM_CONVERSION = YES;
				CLANG_WARN_INT_CONVERSION = YES;
				CLANG_WARN_OBJC_ROOT_CLASS = YES_ERROR;
				CLANG_WARN_UNREACHABLE_CODE = YES;
				CLANG_WARN__DUPLICATE_METHOD_MATCH = YES;
				"CODE_SIGN_IDENTITY[sdk=iphoneos*]" = "iPhone Developer";
				COPY_PHASE_STRIP = NO;
				DEBUG_INFORMATION_FORMAT = dwarf;
				ENABLE_STRICT_OBJC_MSGSEND = YES;
				ENABLE_TESTABILITY = YES;
				GCC_C_LANGUAGE_STANDARD = gnu99;
				GCC_DYNAMIC_NO_PIC = NO;
				GCC_NO_COMMON_BLOCKS = YES;
				GCC_OPTIMIZATION_LEVEL = 0;
				GCC_PREPROCESSOR_DEFINITIONS = (
					"DEBUG=1",
					"$(inherited)",
				);
				GCC_WARN_64_TO_32_BIT_CONVERSION = YES;
				GCC_WARN_ABOUT_RETURN_TYPE = YES_ERROR;
				GCC_WARN_UNDECLARED_SELECTOR = YES;
				GCC_WARN_UNINITIALIZED_AUTOS = YES_AGGRESSIVE;
				GCC_WARN_UNUSED_FUNCTION = YES;
				GCC_WARN_UNUSED_VARIABLE = YES;
				IPHONEOS_DEPLOYMENT_TARGET = 9.3;
				MTL_ENABLE_DEBUG_INFO = YES;
				ONLY_ACTIVE_ARCH = YES;
				SDKROOT = iphoneos;
				SWIFT_OPTIMIZATION_LEVEL = "-Onone";
				TARGETED_DEVICE_FAMILY = "1,2";
			};
			name = Debug;
		};
		273D55E61CC1FE520080496A /* Release */ = {
			isa = XCBuildConfiguration;
			buildSettings = {
				ALWAYS_SEARCH_USER_PATHS = NO;
				CLANG_ANALYZER_NONNULL = YES;
				CLANG_CXX_LANGUAGE_STANDARD = "gnu++0x";
				CLANG_CXX_LIBRARY = "libc++";
				CLANG_ENABLE_MODULES = YES;
				CLANG_ENABLE_OBJC_ARC = YES;
				CLANG_WARN_BOOL_CONVERSION = YES;
				CLANG_WARN_CONSTANT_CONVERSION = YES;
				CLANG_WARN_DIRECT_OBJC_ISA_USAGE = YES_ERROR;
				CLANG_WARN_EMPTY_BODY = YES;
				CLANG_WARN_ENUM_CONVERSION = YES;
				CLANG_WARN_INT_CONVERSION = YES;
				CLANG_WARN_OBJC_ROOT_CLASS = YES_ERROR;
				CLANG_WARN_UNREACHABLE_CODE = YES;
				CLANG_WARN__DUPLICATE_METHOD_MATCH = YES;
				"CODE_SIGN_IDENTITY[sdk=iphoneos*]" = "iPhone Developer";
				COPY_PHASE_STRIP = NO;
				DEBUG_INFORMATION_FORMAT = "dwarf-with-dsym";
				ENABLE_NS_ASSERTIONS = NO;
				ENABLE_STRICT_OBJC_MSGSEND = YES;
				GCC_C_LANGUAGE_STANDARD = gnu99;
				GCC_NO_COMMON_BLOCKS = YES;
				GCC_WARN_64_TO_32_BIT_CONVERSION = YES;
				GCC_WARN_ABOUT_RETURN_TYPE = YES_ERROR;
				GCC_WARN_UNDECLARED_SELECTOR = YES;
				GCC_WARN_UNINITIALIZED_AUTOS = YES_AGGRESSIVE;
				GCC_WARN_UNUSED_FUNCTION = YES;
				GCC_WARN_UNUSED_VARIABLE = YES;
				IPHONEOS_DEPLOYMENT_TARGET = 9.3;
				MTL_ENABLE_DEBUG_INFO = NO;
				SDKROOT = iphoneos;
				TARGETED_DEVICE_FAMILY = "1,2";
				VALIDATE_PRODUCT = YES;
			};
			name = Release;
		};
		273D55E81CC1FE520080496A /* Debug */ = {
			isa = XCBuildConfiguration;
			buildSettings = {
				ASSETCATALOG_COMPILER_APPICON_NAME = AppIcon;
				CLANG_WARN_DOCUMENTATION_COMMENTS = YES;
				INFOPLIST_FILE = calcular/Info.plist;
				LD_RUNPATH_SEARCH_PATHS = "$(inherited) @executable_path/Frameworks";
				PRODUCT_BUNDLE_IDENTIFIER = com.Tan.calcular;
				PRODUCT_NAME = "$(TARGET_NAME)";
			};
			name = Debug;
		};
		273D55E91CC1FE520080496A /* Release */ = {
			isa = XCBuildConfiguration;
			buildSettings = {
				ASSETCATALOG_COMPILER_APPICON_NAME = AppIcon;
				CLANG_WARN_DOCUMENTATION_COMMENTS = YES;
				INFOPLIST_FILE = calcular/Info.plist;
				LD_RUNPATH_SEARCH_PATHS = "$(inherited) @executable_path/Frameworks";
				PRODUCT_BUNDLE_IDENTIFIER = com.Tan.calcular;
				PRODUCT_NAME = "$(TARGET_NAME)";
			};
			name = Release;
		};
/* End XCBuildConfiguration section */

/* Begin XCConfigurationList section */
		273D55D01CC1FE520080496A /* Build configuration list for PBXProject "calcular" */ = {
			isa = XCConfigurationList;
			buildConfigurations = (
				273D55E51CC1FE520080496A /* Debug */,
				273D55E61CC1FE520080496A /* Release */,
			);
			defaultConfigurationIsVisible = 0;
			defaultConfigurationName = Release;
		};
		273D55E71CC1FE520080496A /* Build configuration list for PBXNativeTarget "calcular" */ = {
			isa = XCConfigurationList;
			buildConfigurations = (
				273D55E81CC1FE520080496A /* Debug */,
				273D55E91CC1FE520080496A /* Release */,
			);
			defaultConfigurationIsVisible = 0;
			defaultConfigurationName = Release;
		};
/* End XCConfigurationList section */
	};
	rootObject = 273D55CD1CC1FE520080496A /* Project object */;
}
